
Microsoft Visual Studio Solution File, Format Version 12.00
# Visual Studio Version 16
VisualStudioVersion = 16.0.29613.14
MinimumVisualStudioVersion = 10.0.40219.1
Project("{FAE04EC0-301F-11D3-BF4B-00C04F79EFBC}") = "week10", "week10\week10.csproj", "{F15F9593-CEBD-4365-B65A-F1487A0744FB}"
EndProject
Global
	GlobalSection(SolutionConfigurationPlatforms) = preSolution
		Debug|Any CPU = Debug|Any CPU
		Release|Any CPU = Release|Any CPU
	EndGlobalSection
	GlobalSection(ProjectConfigurationPlatforms) = postSolution
		{F15F9593-CEBD-4365-B65A-F1487A0744FB}.Debug|Any CPU.ActiveCfg = Debug|Any CPU
		{F15F9593-CEBD-4365-B65A-F1487A0744FB}.Debug|Any CPU.Build.0 = Debug|Any CPU
		{F15F9593-CEBD-4365-B65A-F1487A0744FB}.Release|Any CPU.ActiveCfg = Release|Any CPU
		{F15F9593-CEBD-4365-B65A-F1487A0744FB}.Release|Any CPU.Build.0 = Release|Any CPU
	EndGlobalSection
	GlobalSection(SolutionProperties) = preSolution
		HideSolutionNode = FALSE
	EndGlobalSection
	GlobalSection(ExtensibilityGlobals) = postSolution
		SolutionGuid = {979C717B-E6C9-4458-8711-7E6C1E80B129}
	EndGlobalSection
EndGlobal
