
Microsoft Visual Studio Solution File, Format Version 12.00
# Visual Studio Version 16
VisualStudioVersion = 16.0.29613.14
MinimumVisualStudioVersion = 10.0.40219.1
Project("{FAE04EC0-301F-11D3-BF4B-00C04F79EFBC}") = "week4", "week4\week4.csproj", "{03CD13FD-69D0-4FB2-BE96-300EF01195D7}"
EndProject
Global
	GlobalSection(SolutionConfigurationPlatforms) = preSolution
		Debug|Any CPU = Debug|Any CPU
		Release|Any CPU = Release|Any CPU
	EndGlobalSection
	GlobalSection(ProjectConfigurationPlatforms) = postSolution
		{03CD13FD-69D0-4FB2-BE96-300EF01195D7}.Debug|Any CPU.ActiveCfg = Debug|Any CPU
		{03CD13FD-69D0-4FB2-BE96-300EF01195D7}.Debug|Any CPU.Build.0 = Debug|Any CPU
		{03CD13FD-69D0-4FB2-BE96-300EF01195D7}.Release|Any CPU.ActiveCfg = Release|Any CPU
		{03CD13FD-69D0-4FB2-BE96-300EF01195D7}.Release|Any CPU.Build.0 = Release|Any CPU
	EndGlobalSection
	GlobalSection(SolutionProperties) = preSolution
		HideSolutionNode = FALSE
	EndGlobalSection
	GlobalSection(ExtensibilityGlobals) = postSolution
		SolutionGuid = {1FAF0DFC-74A9-4B09-A160-77EB0922B046}
	EndGlobalSection
EndGlobal
