
Microsoft Visual Studio Solution File, Format Version 12.00
# Visual Studio Version 16
VisualStudioVersion = 16.0.29613.14
MinimumVisualStudioVersion = 10.0.40219.1
Project("{FAE04EC0-301F-11D3-BF4B-00C04F79EFBC}") = "week5", "week5\week5.csproj", "{B33CEA2A-CA55-4524-A1CF-FC06A799282D}"
EndProject
Global
	GlobalSection(SolutionConfigurationPlatforms) = preSolution
		Debug|Any CPU = Debug|Any CPU
		Release|Any CPU = Release|Any CPU
	EndGlobalSection
	GlobalSection(ProjectConfigurationPlatforms) = postSolution
		{B33CEA2A-CA55-4524-A1CF-FC06A799282D}.Debug|Any CPU.ActiveCfg = Debug|Any CPU
		{B33CEA2A-CA55-4524-A1CF-FC06A799282D}.Debug|Any CPU.Build.0 = Debug|Any CPU
		{B33CEA2A-CA55-4524-A1CF-FC06A799282D}.Release|Any CPU.ActiveCfg = Release|Any CPU
		{B33CEA2A-CA55-4524-A1CF-FC06A799282D}.Release|Any CPU.Build.0 = Release|Any CPU
	EndGlobalSection
	GlobalSection(SolutionProperties) = preSolution
		HideSolutionNode = FALSE
	EndGlobalSection
	GlobalSection(ExtensibilityGlobals) = postSolution
		SolutionGuid = {3C12D5B8-BCC7-4063-9301-B025E77C37FF}
	EndGlobalSection
EndGlobal
